{
  "name": "infinityscroll",
  "version": "1.0.0",
  "lockfileVersion": 2,
  "requires": true,
  "packages": {
    "": {
      "name": "infinityscroll",
      "version": "1.0.0",
      "license": "ISC",
      "dependencies": {
        "@types/es6-shim": "^0.31.42"
      },
      "devDependencies": {
        "typescript": "^4.5.5"
      }
    },
    "node_modules/@types/es6-shim": {
      "version": "0.31.42",
      "resolved": "https://registry.npmjs.org/@types/es6-shim/-/es6-shim-0.31.42.tgz",
      "integrity": "sha512-GS3EuEgiGv/TP7bwPLOlkSiTfdSL4XHOj0jJuvz4/UbR89QrC4Py3lYlMlH/7w0dKfJ8fIori0rVIl2gQ7lb5A=="
    },
    "node_modules/typescript": {
      "version": "4.5.5",
      "resolved": "https://registry.npmjs.org/typescript/-/typescript-4.5.5.tgz",
      "integrity": "sha512-TCTIul70LyWe6IJWT8QSYeA54WQe8EjQFU4wY52Fasj5UKx88LNYKCgBEHcOMOrFF1rKGbD8v/xcNWVUq9SymA==",
      "dev": true,
      "bin": {
        "tsc": "bin/tsc",
        "tsserver": "bin/tsserver"
      },
      "engines": {
        "node": ">=4.2.0"
      }
    }
  },
  "dependencies": {
    "@types/es6-shim": {
      "version": "0.31.42",
      "resolved": "https://registry.npmjs.org/@types/es6-shim/-/es6-shim-0.31.42.tgz",
      "integrity": "sha512-GS3EuEgiGv/TP7bwPLOlkSiTfdSL4XHOj0jJuvz4/UbR89QrC4Py3lYlMlH/7w0dKfJ8fIori0rVIl2gQ7lb5A=="
    },
    "typescript": {
      "version": "4.5.5",
      "resolved": "https://registry.npmjs.org/typescript/-/typescript-4.5.5.tgz",
      "integrity": "sha512-TCTIul70LyWe6IJWT8QSYeA54WQe8EjQFU4wY52Fasj5UKx88LNYKCgBEHcOMOrFF1rKGbD8v/xcNWVUq9SymA==",
      "dev": true
    }
  }
}
